github.com/caarlos0/env v3.5.0+incompatible h1:Yy0UN8o9Wtr/jGHZDpCBLpNrzcFLLM2yixi/rBrKyJs=
github.com/caarlos0/env/v11 v11.2.2 h1:95fApNrUyueipoZN/EhA8mMxiNxrBwDa+oAZrMWl3Kg=
github.com/caarlos0/env/v11 v11.2.2/go.mod h1:JBfcdeQiBoI3Zh1QRAWfe+tpiNTmDtcCj/hHHHMx0vc=
github.com/gorilla/websocket v1.4.1 h1:q7AeDBpnBk8AogcD4DSag/Ukw/KV+YhzLj2bP5HvKCM=
github.com/gorilla/websocket v1.4.1/go.mod h1:YR8l580nyteQvAITg2hZ9XVh4b55+EU/adAjf1fMHhE=
github.com/gorilla/websocket v1.5.0 h1:PPwGk2jz7EePpoHN/+ClbZu8SPxiqlu12wZP/3sWmnc=
github.com/gorilla/websocket v1.5.0/go.mod h1:YR8l580nyteQvAITg2hZ9XVh4b55+EU/adAjf1fMHhE=
github.com/gorilla/websocket v1.5.3 h1:saDtZ6Pbx/0u+bgYQ3q96pZgCzfhKXGPqt7kZ72aNNg=
github.com/gorilla/websocket v1.5.3/go.mod h1:YR8l580nyteQvAITg2hZ9XVh4b55+EU/adAjf1fMHhE=
github.com/ijufumi/gogmocoin v0.0.0-20191003114106-ccde710cfbbc h1:ldnzywuYCdhkyJUZhWWWMAKyIn0Q3KFxVgQLZw+piXs=
github.com/ijufumi/gogmocoin v0.0.0-20191003114106-ccde710cfbbc/go.mod h1:eio/yev5Y0knjI06bsSu2Si3PMeDHl7lWLBLIbjWROI=
github.com/ijufumi/gogmocoin v0.0.0-20191003120219-d0727496c5c1 h1:iBDpKYOOSTKr/ibhinJKBcB4GViFQl+IuHXTSGnMC78=
github.com/ijufumi/gogmocoin v0.0.0-20191003120219-d0727496c5c1/go.mod h1:fIMolK0NN/Eb3NfNegnEO+eUf8GaOYQO4sO2eAe1+Hk=
github.com/ijufumi/gogmocoin v0.0.1 h1:K1g+zxzwJhoSlecKQmj/N+y1n32Y6K+aI7FqxQbanSo=
github.com/ijufumi/gogmocoin v0.0.1/go.mod h1:fIMolK0NN/Eb3NfNegnEO+eUf8GaOYQO4sO2eAe1+Hk=
github.com/ijufumi/gogmocoin v1.6.0 h1:/ymEuLwVAjdT80ajaD8ghs5CmjLg9hWyOhMsBdBWvwo=
github.com/ijufumi/gogmocoin v1.6.0/go.mod h1:jr41czvLhWJYKrOspKgr1d5KRngYrNUFogp04qCutTU=
github.com/ijufumi/gogmocoin v1.11.0 h1:iwZPr8VvP1yrUVccY35GZVFtyOHBnnokEEkTfpnHAEg=
github.com/ijufumi/gogmocoin v1.11.0/go.mod h1:XjZWsKjxDEzahBwLB+uTOIaKrdHkQmt/cAedMTCIHMM=
github.com/ijufumi/gogmocoin/v2 v2.1.0 h1:bnQjkpqgwdN5WMBcR2w0D6dIDwKn7FJSqS1xSae3t0o=
github.com/ijufumi/gogmocoin/v2 v2.1.0/go.mod h1:UQeOVAkbpy5QcXs4JR2j+7bfAAQNqMwFgyR0nhCk1mY=
github.com/ijufumi/gogmocoin/v2 v2.1.1 h1:wtjahhZoNuw4/K9++sk4NFUPsZaAKbZF338Kg7qm4zE=
github.com/ijufumi/gogmocoin/v2 v2.1.1/go.mod h1:UQeOVAkbpy5QcXs4JR2j+7bfAAQNqMwFgyR0nhCk1mY=
github.com/ijufumi/gogmocoin/v2 v2.2.0 h1:UNOhfmqaqfUvPNoXiRkiyIxcrtqg5gKS01b9byWjI50=
github.com/ijufumi/gogmocoin/v2 v2.2.0/go.mod h1:3g9w03hDh6XjyGbEq+1a0ZUAmsfOcNtS/ZU2xG4xTq8=
github.com/ijufumi/gogmocoin/v2 v2.3.0 h1:JqlKuPp77f/REf+vEruHWOb3WLTRtd4EhrMQEWLyClQ=
github.com/ijufumi/gogmocoin/v2 v2.3.0/go.mod h1:3g9w03hDh6XjyGbEq+1a0ZUAmsfOcNtS/ZU2xG4xTq8=
github.com/ijufumi/gogmocoin/v2 v2.5.0 h1:eF8MV1Vjw1IrR+Y46ZgWszQBf91U0UzX9OkJd/nfMto=
github.com/ijufumi/gogmocoin/v2 v2.5.0/go.mod h1:3g9w03hDh6XjyGbEq+1a0ZUAmsfOcNtS/ZU2xG4xTq8=
github.com/ijufumi/gogmocoin/v2 v2.5.1 h1:/YY0gHJd9EQkH1SjwjnoiXPNCby6+djFtnWrtGWRJXk=
github.com/ijufumi/gogmocoin/v2 v2.5.1/go.mod h1:3g9w03hDh6XjyGbEq+1a0ZUAmsfOcNtS/ZU2xG4xTq8=
github.com/ijufumi/gogmocoin/v2 v2.7.5 h1:OnOl7Lvz8mEyq5aq2YsdXmIeCOlgitJJY2AL1KNphJI=
github.com/ijufumi/gogmocoin/v2 v2.7.5/go.mod h1:WVyyWwt1VXnxsa2aHkg20cK55kCQa4A6FqwzZKgEIc4=
github.com/ijufumi/gogmocoin/v2 v2.7.6 h1:uCilOST2xfeApI3Jhsq0hMJICzrzOO6+Tyog1COau5g=
github.com/ijufumi/gogmocoin/v2 v2.7.6/go.mod h1:WVyyWwt1VXnxsa2aHkg20cK55kCQa4A6FqwzZKgEIc4=
github.com/ijufumi/gogmocoin/v2 v2.8.1 h1:5ZnoRJXv+hhZQtTE9I8rUu4iLczSYWGX68r4+Hll3Lo=
github.com/ijufumi/gogmocoin/v2 v2.8.1/go.mod h1:WVyyWwt1VXnxsa2aHkg20cK55kCQa4A6FqwzZKgEIc4=
github.com/ijufumi/gogmocoin/v2 v2.8.2 h1:O3l9vwuc/62hqlnH8MmFOlrFbJ9MZxzCHK5FIIGYYtw=
github.com/ijufumi/gogmocoin/v2 v2.8.2/go.mod h1:WVyyWwt1VXnxsa2aHkg20cK55kCQa4A6FqwzZKgEIc4=
github.com/ijufumi/gogmocoin/v2 v2.8.3 h1:FS+lqI8en6v5V6ORhNkrz7rQiKm9v6Dh9hUNvynJRrg=
github.com/ijufumi/gogmocoin/v2 v2.8.3/go.mod h1:WVyyWwt1VXnxsa2aHkg20cK55kCQa4A6FqwzZKgEIc4=
github.com/ijufumi/gogmocoin/v2 v2.8.4 h1:h9s8Tgi6cZm6e6jRvKt+J2wLNDJ7vTIgwZ0qgQtt7rc=
github.com/ijufumi/gogmocoin/v2 v2.8.4/go.mod h1:WVyyWwt1VXnxsa2aHkg20cK55kCQa4A6FqwzZKgEIc4=
github.com/ijufumi/gogmocoin/v2 v2.8.5 h1:lG/DPbzrgwDkAzlmFcu+Mi/6QaLlZx0CGxWM741TYhc=
github.com/ijufumi/gogmocoin/v2 v2.8.5/go.mod h1:WVyyWwt1VXnxsa2aHkg20cK55kCQa4A6FqwzZKgEIc4=
github.com/ijufumi/gogmocoin/v2 v2.8.6 h1:EIEhmMN7iVhvcaibzxyi7OS67WTA3JsjrFrOzubzgNQ=
github.com/ijufumi/gogmocoin/v2 v2.8.6/go.mod h1:aNOPCPn4u4eGqpRVXbSy6BZ8wwd76xkpQmwWTG1k8u8=
github.com/ijufumi/gogmocoin/v2 v2.8.7 h1:Dm8lMHekjai0ia0MVanQsfU2xlXIlZDLe/Qfl1Hx/PQ=
github.com/ijufumi/gogmocoin/v2 v2.8.7/go.mod h1:aNOPCPn4u4eGqpRVXbSy6BZ8wwd76xkpQmwWTG1k8u8=
github.com/joho/godotenv v1.3.0 h1:Zjp+RcGpHhGlrMbJzXTrZZPrWj+1vfm90La1wgB6Bhc=
github.com/joho/godotenv v1.3.0/go.mod h1:7hK45KPybAkOC6peb+G5yklZfMxEjkZhHbwpqxOKXbg=
github.com/joho/godotenv v1.5.1 h1:7eLL/+HRGLY0ldzfGMeQkb7vMd0as4CfYvUVzLqw0N0=
github.com/joho/godotenv v1.5.1/go.mod h1:f4LDr5Voq0i2e/R5DDNOoa2zzDfwtkZa6DnEwAbqwq4=
github.com/shopspring/decimal v0.0.0-20180709203117-cd690d0c9e24 h1:pntxY8Ary0t43dCZ5dqY4YTJCObLY1kIXl0uzMv+7DE=
github.com/shopspring/decimal v0.0.0-20180709203117-cd690d0c9e24/go.mod h1:M+9NzErvs504Cn4c5DxATwIqPbtswREoFCre64PpcG4=
github.com/shopspring/decimal v0.0.0-20190905144223-a36b5d85f337 h1:Da9XEUfFxgyDOqUfwgoTDcWzmnlOnCGi6i4iPS+8Fbw=
github.com/shopspring/decimal v0.0.0-20190905144223-a36b5d85f337/go.mod h1:M+9NzErvs504Cn4c5DxATwIqPbtswREoFCre64PpcG4=
github.com/shopspring/decimal v1.3.1 h1:2Usl1nmF/WZucqkFZhnfFYxxxu8LG21F6nPQBE5gKV8=
github.com/shopspring/decimal v1.3.1/go.mod h1:DKyhrW/HYNuLGql+MJL6WCR6knT2jwCFRcu2hWCYk4o=
github.com/shopspring/decimal v1.4.0 h1:bxl37RwXBklmTi0C79JfXCEBD1cqqHt0bbgBAGFp81k=
github.com/shopspring/decimal v1.4.0/go.mod h1:gawqmDU56v4yIKSwfBSFip1HdCCXN8/+DMd9qYNcwME=
go.uber.org/dig v1.7.0/go.mod h1:z+dSd2TP9Usi48jL8M3v63iSBVkiwtVyMKxMZYYauPg=
golang.org/x/crypto v0.0.0-20190308221718-c2843e01d9a2/go.mod h1:djNgcEr1/C05ACkg1iLfiJU5Ep61QUkGW8qpdssI0+w=
golang.org/x/crypto v0.0.0-20190829043050-9756ffdc2472/go.mod h1:yigFU9vqHzYiE8UmvKecakEJjdnWj3jj499lnFckfCI=
golang.org/x/crypto v0.0.0-20191002192127-34f69633bfdc/go.mod h1:yigFU9vqHzYiE8UmvKecakEJjdnWj3jj499lnFckfCI=
golang.org/x/lint v0.0.0-20190409202823-959b441ac422/go.mod h1:6SW0HCj/g11FgYtHlgUYUwCkIfeOF89ocIRzGO/8vkc=
golang.org/x/lint v0.0.0-20190930215403-16217165b5de/go.mod h1:6SW0HCj/g11FgYtHlgUYUwCkIfeOF89ocIRzGO/8vkc=
golang.org/x/net v0.0.0-20190311183353-d8887717615a/go.mod h1:t9HGtf8HONx5eT2rtn7q6eTqICYqUVnKs3thJo3Qplg=
golang.org/x/net v0.0.0-20190404232315-eb5bcb51f2a3/go.mod h1:t9HGtf8HONx5eT2rtn7q6eTqICYqUVnKs3thJo3Qplg=
golang.org/x/net v0.0.0-20190620200207-3b0461eec859/go.mod h1:z5CRVTTTmAJ677TzLLGU+0bjPO0LkuOLi4/5GtJWs/s=
golang.org/x/net v0.0.0-20190827160401-ba9fcec4b297/go.mod h1:z5CRVTTTmAJ677TzLLGU+0bjPO0LkuOLi4/5GtJWs/s=
golang.org/x/net v0.0.0-20191002035440-2ec189313ef0/go.mod h1:z5CRVTTTmAJ677TzLLGU+0bjPO0LkuOLi4/5GtJWs/s=
golang.org/x/sync v0.0.0-20190423024810-112230192c58/go.mod h1:RxMgew5VJxzue5/jJTE5uejpjVlOe/izrB70Jof72aM=
golang.org/x/sync v0.0.0-20190911185100-cd5d95a43a6e/go.mod h1:RxMgew5VJxzue5/jJTE5uejpjVlOe/izrB70Jof72aM=
golang.org/x/sys v0.0.0-20190215142949-d0b11bdaac8a/go.mod h1:STP8DvDyc/dI5b8T5hshtkjS+E42TnysNCUPdjciGhY=
golang.org/x/sys v0.0.0-20190412213103-97732733099d/go.mod h1:h1NjWce9XRLGQEsW7wpKNCjG9DtNlClVuFLEZdDNbEs=
golang.org/x/sys v0.0.0-20190830023255-19e00faab6ad/go.mod h1:h1NjWce9XRLGQEsW7wpKNCjG9DtNlClVuFLEZdDNbEs=
golang.org/x/sys v0.0.0-20191002091554-b397fe3ad8ed/go.mod h1:h1NjWce9XRLGQEsW7wpKNCjG9DtNlClVuFLEZdDNbEs=
golang.org/x/text v0.3.0/go.mod h1:NqM8EUOU14njkJ3fqMW+pc6Ldnwhi/IjpwHt7yyuwOQ=
golang.org/x/text v0.3.2/go.mod h1:bEr9sfX3Q8Zfm5fL9x+3itogRgK3+ptLWKqgva+5dAk=
golang.org/x/tools v0.0.0-20180917221912-90fa682c2a6e/go.mod h1:n7NCudcB/nEzxVGmLbDWY5pfWTLqBcC2KZ6jyYvM4mQ=
golang.org/x/tools v0.0.0-20190311212946-11955173bddd/go.mod h1:LCzVGOaR6xXOjkQ3onu1FJEFr0SW1gC7cKk1uF8kGRs=
golang.org/x/tools v0.0.0-20190829210313-340205e581e5/go.mod h1:b+2E5dAYhXwXZwtnZ6UAqBI28+e2cm9otk0dWdXHAEo=
golang.org/x/tools v0.0.0-20191002234911-9ade4c73f2af/go.mod h1:b+2E5dAYhXwXZwtnZ6UAqBI28+e2cm9otk0dWdXHAEo=
golang.org/x/xerrors v0.0.0-20190717185122-a985d3407aa7/go.mod h1:I/5z698sn9Ka8TeJc9MKroUUfqBBauWjQqLJ2OPfmY0=
